
Microsoft Visual Studio Solution File, Format Version 12.00
# Visual Studio Version 17
VisualStudioVersion = 17.10.34928.147
MinimumVisualStudioVersion = 10.0.40219.1
Project("{9A19103F-16F7-4668-BE54-9A1E7A4F7556}") = "Tehnograd", "Tehnograd.csproj", "{84A39697-C430-45A1-9C1B-B3AB67389813}"
EndProject
Global
	GlobalSection(SolutionConfigurationPlatforms) = preSolution
		Debug|Any CPU = Debug|Any CPU
		Release|Any CPU = Release|Any CPU
	EndGlobalSection
	GlobalSection(ProjectConfigurationPlatforms) = postSolution
		{84A39697-C430-45A1-9C1B-B3AB67389813}.Debug|Any CPU.ActiveCfg = Debug|Any CPU
		{84A39697-C430-45A1-9C1B-B3AB67389813}.Debug|Any CPU.Build.0 = Debug|Any CPU
		{84A39697-C430-45A1-9C1B-B3AB67389813}.Release|Any CPU.ActiveCfg = Release|Any CPU
		{84A39697-C430-45A1-9C1B-B3AB67389813}.Release|Any CPU.Build.0 = Release|Any CPU
	EndGlobalSection
	GlobalSection(SolutionProperties) = preSolution
		HideSolutionNode = FALSE
	EndGlobalSection
	GlobalSection(ExtensibilityGlobals) = postSolution
		SolutionGuid = {12892A48-5F2C-4E42-9942-136C8A73552E}
	EndGlobalSection
EndGlobal
